
Microsoft Visual Studio Solution File, Format Version 12.00
# Visual Studio Version 16
VisualStudioVersion = 16.0.31911.196
MinimumVisualStudioVersion = 10.0.40219.1
Project("{FAE04EC0-301F-11D3-BF4B-00C04F79EFBC}") = "Mech423Lab1Exercise1", "Mech423Lab1Exercise1\Mech423Lab1Exercise1.csproj", "{CF1381A6-88B3-4F0A-9437-9E004EC18267}"
EndProject
Global
	GlobalSection(SolutionConfigurationPlatforms) = preSolution
		Debug|Any CPU = Debug|Any CPU
		Release|Any CPU = Release|Any CPU
	EndGlobalSection
	GlobalSection(ProjectConfigurationPlatforms) = postSolution
		{CF1381A6-88B3-4F0A-9437-9E004EC18267}.Debug|Any CPU.ActiveCfg = Debug|Any CPU
		{CF1381A6-88B3-4F0A-9437-9E004EC18267}.Debug|Any CPU.Build.0 = Debug|Any CPU
		{CF1381A6-88B3-4F0A-9437-9E004EC18267}.Release|Any CPU.ActiveCfg = Release|Any CPU
		{CF1381A6-88B3-4F0A-9437-9E004EC18267}.Release|Any CPU.Build.0 = Release|Any CPU
	EndGlobalSection
	GlobalSection(SolutionProperties) = preSolution
		HideSolutionNode = FALSE
	EndGlobalSection
	GlobalSection(ExtensibilityGlobals) = postSolution
		SolutionGuid = {D33E16CB-7EBB-4B09-BC8A-15BFC6402C03}
	EndGlobalSection
EndGlobal
